
Microsoft Visual Studio Solution File, Format Version 12.00
# Visual Studio 2013
VisualStudioVersion = 12.0.21005.1
MinimumVisualStudioVersion = 10.0.40219.1
Project("{FAE04EC0-301F-11D3-BF4B-00C04F79EFBC}") = "WebBanGiay", "WebBanGiay\WebBanGiay.csproj", "{EB08000B-9468-4565-BA19-62D2231D1A1B}"
EndProject
Project("{FAE04EC0-301F-11D3-BF4B-00C04F79EFBC}") = "Model", "Model\Model.csproj", "{7AC93BDA-36C3-4B23-95D2-FDBE35D20C16}"
EndProject
Global
	GlobalSection(SolutionConfigurationPlatforms) = preSolution
		Debug|Any CPU = Debug|Any CPU
		Release|Any CPU = Release|Any CPU
	EndGlobalSection
	GlobalSection(ProjectConfigurationPlatforms) = postSolution
		{EB08000B-9468-4565-BA19-62D2231D1A1B}.Debug|Any CPU.ActiveCfg = Debug|Any CPU
		{EB08000B-9468-4565-BA19-62D2231D1A1B}.Debug|Any CPU.Build.0 = Debug|Any CPU
		{EB08000B-9468-4565-BA19-62D2231D1A1B}.Release|Any CPU.ActiveCfg = Release|Any CPU
		{EB08000B-9468-4565-BA19-62D2231D1A1B}.Release|Any CPU.Build.0 = Release|Any CPU
		{7AC93BDA-36C3-4B23-95D2-FDBE35D20C16}.Debug|Any CPU.ActiveCfg = Debug|Any CPU
		{7AC93BDA-36C3-4B23-95D2-FDBE35D20C16}.Debug|Any CPU.Build.0 = Debug|Any CPU
		{7AC93BDA-36C3-4B23-95D2-FDBE35D20C16}.Release|Any CPU.ActiveCfg = Release|Any CPU
		{7AC93BDA-36C3-4B23-95D2-FDBE35D20C16}.Release|Any CPU.Build.0 = Release|Any CPU
	EndGlobalSection
	GlobalSection(SolutionProperties) = preSolution
		HideSolutionNode = FALSE
	EndGlobalSection
EndGlobal
